
Microsoft Visual Studio Solution File, Format Version 12.00
# Visual Studio Version 17
VisualStudioVersion = 17.14.36429.23 d17.14
MinimumVisualStudioVersion = 10.0.40219.1
Project("{FAE04EC0-301F-11D3-BF4B-00C04F79EFBC}") = "AgriMitra-AI", "AgriMitra-AI.csproj", "{28CFF9EE-AF18-4777-9E72-A498EDFC2C5A}"
EndProject
Global
	GlobalSection(SolutionConfigurationPlatforms) = preSolution
		Debug|Any CPU = Debug|Any CPU
		Release|Any CPU = Release|Any CPU
	EndGlobalSection
	GlobalSection(ProjectConfigurationPlatforms) = postSolution
		{28CFF9EE-AF18-4777-9E72-A498EDFC2C5A}.Debug|Any CPU.ActiveCfg = Debug|Any CPU
		{28CFF9EE-AF18-4777-9E72-A498EDFC2C5A}.Debug|Any CPU.Build.0 = Debug|Any CPU
		{28CFF9EE-AF18-4777-9E72-A498EDFC2C5A}.Release|Any CPU.ActiveCfg = Release|Any CPU
		{28CFF9EE-AF18-4777-9E72-A498EDFC2C5A}.Release|Any CPU.Build.0 = Release|Any CPU
	EndGlobalSection
	GlobalSection(SolutionProperties) = preSolution
		HideSolutionNode = FALSE
	EndGlobalSection
	GlobalSection(ExtensibilityGlobals) = postSolution
		SolutionGuid = {81D36060-F66A-4B93-913C-97682C964E21}
	EndGlobalSection
EndGlobal
